
Microsoft Visual Studio Solution File, Format Version 12.00
# Visual Studio Version 16
VisualStudioVersion = 16.0.31515.178
MinimumVisualStudioVersion = 10.0.40219.1
Project("{FAE04EC0-301F-11D3-BF4B-00C04F79EFBC}") = "W3ResourceOpdracht", "W3ResourceOpdracht\W3ResourceOpdracht.csproj", "{B17B5D47-87C0-4486-8BEA-4AA27442C97B}"
EndProject
Global
	GlobalSection(SolutionConfigurationPlatforms) = preSolution
		Debug|Any CPU = Debug|Any CPU
		Release|Any CPU = Release|Any CPU
	EndGlobalSection
	GlobalSection(ProjectConfigurationPlatforms) = postSolution
		{B17B5D47-87C0-4486-8BEA-4AA27442C97B}.Debug|Any CPU.ActiveCfg = Debug|Any CPU
		{B17B5D47-87C0-4486-8BEA-4AA27442C97B}.Debug|Any CPU.Build.0 = Debug|Any CPU
		{B17B5D47-87C0-4486-8BEA-4AA27442C97B}.Release|Any CPU.ActiveCfg = Release|Any CPU
		{B17B5D47-87C0-4486-8BEA-4AA27442C97B}.Release|Any CPU.Build.0 = Release|Any CPU
	EndGlobalSection
	GlobalSection(SolutionProperties) = preSolution
		HideSolutionNode = FALSE
	EndGlobalSection
	GlobalSection(ExtensibilityGlobals) = postSolution
		SolutionGuid = {8AD9CF74-346D-493A-9FDE-753A6A723041}
	EndGlobalSection
EndGlobal
